{
  "name": "static",
  "version": "1.0.0",
  "lockfileVersion": 3,
  "requires": true,
  "packages": {
    "": {
      "name": "static",
      "version": "1.0.0",
      "license": "ISC",
      "dependencies": {
        "wavesurfer.js": "^7.12.1"
      }
    },
    "node_modules/wavesurfer.js": {
      "version": "7.12.1",
      "resolved": "https://registry.npmjs.org/wavesurfer.js/-/wavesurfer.js-7.12.1.tgz",
      "integrity": "sha512-NswPjVHxk0Q1F/VMRemCPUzSojjuHHisQrBqQiRXg7MVbe3f5vQ6r0rTTXA/a/neC/4hnOEC4YpXca4LpH0SUg=="
    }
  }
}
